// !$*UTF8*$!
{
	archiveVersion = 1;
	classes = {
	};
	objectVersion = 56;
	objects = {

/* Begin PBXBuildFile section */
		EE655A672DD530B2006FBD0F /* heartio Watch App.app in Embed Watch Content */ = {isa = PBXBuildFile; fileRef = EE655A662DD530B2006FBD0F /* heartio Watch App.app */; settings = {ATTRIBUTES = (RemoveHeadersOnCopy, ); }; };
		EE655A6C2DD530B2006FBD0F /* heartioApp.swift in Sources */ = {isa = PBXBuildFile; fileRef = EE655A6B2DD530B2006FBD0F /* heartioApp.swift */; };
		EE655A6E2DD530B2006FBD0F /* ContentView.swift in Sources */ = {isa = PBXBuildFile; fileRef = EE655A6D2DD530B2006FBD0F /* ContentView.swift */; };
		EE655A702DD530B4006FBD0F /* Assets.xcassets in Resources */ = {isa = PBXBuildFile; fileRef = EE655A6F2DD530B4006FBD0F /* Assets.xcassets */; };
		EE655A732DD530B4006FBD0F /* Preview Assets.xcassets in Resources */ = {isa = PBXBuildFile; fileRef = EE655A722DD530B4006FBD0F /* Preview Assets.xcassets */; };
/* End PBXBuildFile section */

/* Begin PBXContainerItemProxy section */
		EE655A682DD530B2006FBD0F /* PBXContainerItemProxy */ = {
			isa = PBXContainerItemProxy;
			containerPortal = EE655A5A2DD530B2006FBD0F /* Project object */;
			proxyType = 1;
			remoteGlobalIDString = EE655A652DD530B2006FBD0F;
			remoteInfo = "heartio Watch App";
		};
/* End PBXContainerItemProxy section */

/* Begin PBXCopyFilesBuildPhase section */
		EE655A792DD530B4006FBD0F /* Embed Watch Content */ = {
			isa = PBXCopyFilesBuildPhase;
			buildActionMask = 2147483647;
			dstPath = "$(CONTENTS_FOLDER_PATH)/Watch";
			dstSubfolderSpec = 16;
			files = (
				EE655A672DD530B2006FBD0F /* heartio Watch App.app in Embed Watch Content */,
			);
			name = "Embed Watch Content";
			runOnlyForDeploymentPostprocessing = 0;
		};
/* End PBXCopyFilesBuildPhase section */

/* Begin PBXFileReference section */
		EE655A602DD530B2006FBD0F /* heartio.app */ = {isa = PBXFileReference; explicitFileType = wrapper.application; includeInIndex = 0; path = heartio.app; sourceTree = BUILT_PRODUCTS_DIR; };
		EE655A662DD530B2006FBD0F /* heartio Watch App.app */ = {isa = PBXFileReference; explicitFileType = wrapper.application; includeInIndex = 0; path = "heartio Watch App.app"; sourceTree = BUILT_PRODUCTS_DIR; };
		EE655A6B2DD530B2006FBD0F /* heartioApp.swift */ = {isa = PBXFileReference; lastKnownFileType = sourcecode.swift; path = heartioApp.swift; sourceTree = "<group>"; };
		EE655A6D2DD530B2006FBD0F /* ContentView.swift */ = {isa = PBXFileReference; lastKnownFileType = sourcecode.swift; path = ContentView.swift; sourceTree = "<group>"; };
		EE655A6F2DD530B4006FBD0F /* Assets.xcassets */ = {isa = PBXFileReference; lastKnownFileType = folder.assetcatalog; path = Assets.xcassets; sourceTree = "<group>"; };
		EE655A722DD530B4006FBD0F /* Preview Assets.xcassets */ = {isa = PBXFileReference; lastKnownFileType = folder.assetcatalog; path = "Preview Assets.xcassets"; sourceTree = "<group>"; };
		EE655A7F2DD5400D006FBD0F /* heartio-Watch-App-Info.plist */ = {isa = PBXFileReference; lastKnownFileType = text.plist; path = "heartio-Watch-App-Info.plist"; sourceTree = SOURCE_ROOT; };
		EE8F53C42DD57AB30038BC49 /* heartio Watch App.entitlements */ = {isa = PBXFileReference; lastKnownFileType = text.plist.entitlements; path = "heartio Watch App.entitlements"; sourceTree = "<group>"; };
/* End PBXFileReference section */

/* Begin PBXFrameworksBuildPhase section */
		EE655A632DD530B2006FBD0F /* Frameworks */ = {
			isa = PBXFrameworksBuildPhase;
			buildActionMask = 2147483647;
			files = (
			);
			runOnlyForDeploymentPostprocessing = 0;
		};
/* End PBXFrameworksBuildPhase section */

/* Begin PBXGroup section */
		EE655A592DD530B2006FBD0F = {
			isa = PBXGroup;
			children = (
				EE655A6A2DD530B2006FBD0F /* heartio Watch App */,
				EE655A612DD530B2006FBD0F /* Products */,
			);
			sourceTree = "<group>";
		};
		EE655A612DD530B2006FBD0F /* Products */ = {
			isa = PBXGroup;
			children = (
				EE655A602DD530B2006FBD0F /* heartio.app */,
				EE655A662DD530B2006FBD0F /* heartio Watch App.app */,
			);
			name = Products;
			sourceTree = "<group>";
		};
		EE655A6A2DD530B2006FBD0F /* heartio Watch App */ = {
			isa = PBXGroup;
			children = (
				EE8F53C42DD57AB30038BC49 /* heartio Watch App.entitlements */,
				EE655A7F2DD5400D006FBD0F /* heartio-Watch-App-Info.plist */,
				EE655A6B2DD530B2006FBD0F /* heartioApp.swift */,
				EE655A6D2DD530B2006FBD0F /* ContentView.swift */,
				EE655A6F2DD530B4006FBD0F /* Assets.xcassets */,
				EE655A712DD530B4006FBD0F /* Preview Content */,
			);
			path = "heartio Watch App";
			sourceTree = "<group>";
		};
		EE655A712DD530B4006FBD0F /* Preview Content */ = {
			isa = PBXGroup;
			children = (
				EE655A722DD530B4006FBD0F /* Preview Assets.xcassets */,
			);
			path = "Preview Content";
			sourceTree = "<group>";
		};
/* End PBXGroup section */

/* Begin PBXNativeTarget section */
		EE655A5F2DD530B2006FBD0F /* heartio */ = {
			isa = PBXNativeTarget;
			buildConfigurationList = EE655A7A2DD530B4006FBD0F /* Build configuration list for PBXNativeTarget "heartio" */;
			buildPhases = (
				EE655A5E2DD530B2006FBD0F /* Resources */,
				EE655A792DD530B4006FBD0F /* Embed Watch Content */,
			);
			buildRules = (
			);
			dependencies = (
				EE655A692DD530B2006FBD0F /* PBXTargetDependency */,
			);
			name = heartio;
			productName = heartio;
			productReference = EE655A602DD530B2006FBD0F /* heartio.app */;
			productType = "com.apple.product-type.application.watchapp2-container";
		};
		EE655A652DD530B2006FBD0F /* heartio Watch App */ = {
			isa = PBXNativeTarget;
			buildConfigurationList = EE655A762DD530B4006FBD0F /* Build configuration list for PBXNativeTarget "heartio Watch App" */;
			buildPhases = (
				EE655A622DD530B2006FBD0F /* Sources */,
				EE655A632DD530B2006FBD0F /* Frameworks */,
				EE655A642DD530B2006FBD0F /* Resources */,
			);
			buildRules = (
			);
			dependencies = (
			);
			name = "heartio Watch App";
			productName = "heartio Watch App";
			productReference = EE655A662DD530B2006FBD0F /* heartio Watch App.app */;
			productType = "com.apple.product-type.application";
		};
/* End PBXNativeTarget section */

/* Begin PBXProject section */
		EE655A5A2DD530B2006FBD0F /* Project object */ = {
			isa = PBXProject;
			attributes = {
				BuildIndependentTargetsInParallel = 1;
				LastSwiftUpdateCheck = 1540;
				LastUpgradeCheck = 1540;
				TargetAttributes = {
					EE655A5F2DD530B2006FBD0F = {
						CreatedOnToolsVersion = 15.4;
					};
					EE655A652DD530B2006FBD0F = {
						CreatedOnToolsVersion = 15.4;
					};
				};
			};
			buildConfigurationList = EE655A5D2DD530B2006FBD0F /* Build configuration list for PBXProject "heartio" */;
			compatibilityVersion = "Xcode 14.0";
			developmentRegion = en;
			hasScannedForEncodings = 0;
			knownRegions = (
				en,
				Base,
			);
			mainGroup = EE655A592DD530B2006FBD0F;
			productRefGroup = EE655A612DD530B2006FBD0F /* Products */;
			projectDirPath = "";
			projectRoot = "";
			targets = (
				EE655A5F2DD530B2006FBD0F /* heartio */,
				EE655A652DD530B2006FBD0F /* heartio Watch App */,
			);
		};
/* End PBXProject section */

/* Begin PBXResourcesBuildPhase section */
		EE655A5E2DD530B2006FBD0F /* Resources */ = {
			isa = PBXResourcesBuildPhase;
			buildActionMask = 2147483647;
			files = (
			);
			runOnlyForDeploymentPostprocessing = 0;
		};
		EE655A642DD530B2006FBD0F /* Resources */ = {
			isa = PBXResourcesBuildPhase;
			buildActionMask = 2147483647;
			files = (
				EE655A732DD530B4006FBD0F /* Preview Assets.xcassets in Resources */,
				EE655A702DD530B4006FBD0F /* Assets.xcassets in Resources */,
			);
			runOnlyForDeploymentPostprocessing = 0;
		};
/* End PBXResourcesBuildPhase section */

/* Begin PBXSourcesBuildPhase section */
		EE655A622DD530B2006FBD0F /* Sources */ = {
			isa = PBXSourcesBuildPhase;
			buildActionMask = 2147483647;
			files = (
				EE655A6E2DD530B2006FBD0F /* ContentView.swift in Sources */,
				EE655A6C2DD530B2006FBD0F /* heartioApp.swift in Sources */,
			);
			runOnlyForDeploymentPostprocessing = 0;
		};
/* End PBXSourcesBuildPhase section */

/* Begin PBXTargetDependency section */
		EE655A692DD530B2006FBD0F /* PBXTargetDependency */ = {
			isa = PBXTargetDependency;
			target = EE655A652DD530B2006FBD0F /* heartio Watch App */;
			targetProxy = EE655A682DD530B2006FBD0F /* PBXContainerItemProxy */;
		};
/* End PBXTargetDependency section */

/* Begin XCBuildConfiguration section */
		EE655A742DD530B4006FBD0F /* Debug */ = {
			isa = XCBuildConfiguration;
			buildSettings = {
				ALWAYS_SEARCH_USER_PATHS = NO;
				ASSETCATALOG_COMPILER_GENERATE_SWIFT_ASSET_SYMBOL_EXTENSIONS = YES;
				CLANG_ANALYZER_NONNULL = YES;
				CLANG_ANALYZER_NUMBER_OBJECT_CONVERSION = YES_AGGRESSIVE;
				CLANG_CXX_LANGUAGE_STANDARD = "gnu++20";
				CLANG_ENABLE_MODULES = YES;
				CLANG_ENABLE_OBJC_ARC = YES;
				CLANG_ENABLE_OBJC_WEAK = YES;
				CLANG_WARN_BLOCK_CAPTURE_AUTORELEASING = YES;
				CLANG_WARN_BOOL_CONVERSION = YES;
				CLANG_WARN_COMMA = YES;
				CLANG_WARN_CONSTANT_CONVERSION = YES;
				CLANG_WARN_DEPRECATED_OBJC_IMPLEMENTATIONS = YES;
				CLANG_WARN_DIRECT_OBJC_ISA_USAGE = YES_ERROR;
				CLANG_WARN_DOCUMENTATION_COMMENTS = YES;
				CLANG_WARN_EMPTY_BODY = YES;
				CLANG_WARN_ENUM_CONVERSION = YES;
				CLANG_WARN_INFINITE_RECURSION = YES;
				CLANG_WARN_INT_CONVERSION = YES;
				CLANG_WARN_NON_LITERAL_NULL_CONVERSION = YES;
				CLANG_WARN_OBJC_IMPLICIT_RETAIN_SELF = YES;
				CLANG_WARN_OBJC_LITERAL_CONVERSION = YES;
				CLANG_WARN_OBJC_ROOT_CLASS = YES_ERROR;
				CLANG_WARN_QUOTED_INCLUDE_IN_FRAMEWORK_HEADER = YES;
				CLANG_WARN_RANGE_LOOP_ANALYSIS = YES;
				CLANG_WARN_STRICT_PROTOTYPES = YES;
				CLANG_WARN_SUSPICIOUS_MOVE = YES;
				CLANG_WARN_UNGUARDED_AVAILABILITY = YES_AGGRESSIVE;
				CLANG_WARN_UNREACHABLE_CODE = YES;
				CLANG_WARN__DUPLICATE_METHOD_MATCH = YES;
				COPY_PHASE_STRIP = NO;
				DEBUG_INFORMATION_FORMAT = dwarf;
				ENABLE_STRICT_OBJC_MSGSEND = YES;
				ENABLE_TESTABILITY = YES;
				ENABLE_USER_SCRIPT_SANDBOXING = YES;
				GCC_C_LANGUAGE_STANDARD = gnu17;
				GCC_DYNAMIC_NO_PIC = NO;
				GCC_NO_COMMON_BLOCKS = YES;
				GCC_OPTIMIZATION_LEVEL = 0;
				GCC_PREPROCESSOR_DEFINITIONS = (
					"DEBUG=1",
					"$(inherited)",
				);
				GCC_WARN_64_TO_32_BIT_CONVERSION = YES;
				GCC_WARN_ABOUT_RETURN_TYPE = YES_ERROR;
				GCC_WARN_UNDECLARED_SELECTOR = YES;
				GCC_WARN_UNINITIALIZED_AUTOS = YES_AGGRESSIVE;
				GCC_WARN_UNUSED_FUNCTION = YES;
				GCC_WARN_UNUSED_VARIABLE = YES;
				LOCALIZATION_PREFERS_STRING_CATALOGS = YES;
				MTL_ENABLE_DEBUG_INFO = INCLUDE_SOURCE;
				MTL_FAST_MATH = YES;
				ONLY_ACTIVE_ARCH = YES;
				SWIFT_ACTIVE_COMPILATION_CONDITIONS = "DEBUG $(inherited)";
				SWIFT_OPTIMIZATION_LEVEL = "-Onone";
			};
			name = Debug;
		};
		EE655A752DD530B4006FBD0F /* Release */ = {
			isa = XCBuildConfiguration;
			buildSettings = {
				ALWAYS_SEARCH_USER_PATHS = NO;
				ASSETCATALOG_COMPILER_GENERATE_SWIFT_ASSET_SYMBOL_EXTENSIONS = YES;
				CLANG_ANALYZER_NONNULL = YES;
				CLANG_ANALYZER_NUMBER_OBJECT_CONVERSION = YES_AGGRESSIVE;
				CLANG_CXX_LANGUAGE_STANDARD = "gnu++20";
				CLANG_ENABLE_MODULES = YES;
				CLANG_ENABLE_OBJC_ARC = YES;
				CLANG_ENABLE_OBJC_WEAK = YES;
				CLANG_WARN_BLOCK_CAPTURE_AUTORELEASING = YES;
				CLANG_WARN_BOOL_CONVERSION = YES;
				CLANG_WARN_COMMA = YES;
				CLANG_WARN_CONSTANT_CONVERSION = YES;
				CLANG_WARN_DEPRECATED_OBJC_IMPLEMENTATIONS = YES;
				CLANG_WARN_DIRECT_OBJC_ISA_USAGE = YES_ERROR;
				CLANG_WARN_DOCUMENTATION_COMMENTS = YES;
				CLANG_WARN_EMPTY_BODY = YES;
				CLANG_WARN_ENUM_CONVERSION = YES;
				CLANG_WARN_INFINITE_RECURSION = YES;
				CLANG_WARN_INT_CONVERSION = YES;
				CLANG_WARN_NON_LITERAL_NULL_CONVERSION = YES;
				CLANG_WARN_OBJC_IMPLICIT_RETAIN_SELF = YES;
				CLANG_WARN_OBJC_LITERAL_CONVERSION = YES;
				CLANG_WARN_OBJC_ROOT_CLASS = YES_ERROR;
				CLANG_WARN_QUOTED_INCLUDE_IN_FRAMEWORK_HEADER = YES;
				CLANG_WARN_RANGE_LOOP_ANALYSIS = YES;
				CLANG_WARN_STRICT_PROTOTYPES = YES;
				CLANG_WARN_SUSPICIOUS_MOVE = YES;
				CLANG_WARN_UNGUARDED_AVAILABILITY = YES_AGGRESSIVE;
				CLANG_WARN_UNREACHABLE_CODE = YES;
				CLANG_WARN__DUPLICATE_METHOD_MATCH = YES;
				COPY_PHASE_STRIP = NO;
				DEBUG_INFORMATION_FORMAT = "dwarf-with-dsym";
				ENABLE_NS_ASSERTIONS = NO;
				ENABLE_STRICT_OBJC_MSGSEND = YES;
				ENABLE_USER_SCRIPT_SANDBOXING = YES;
				GCC_C_LANGUAGE_STANDARD = gnu17;
				GCC_NO_COMMON_BLOCKS = YES;
				GCC_WARN_64_TO_32_BIT_CONVERSION = YES;
				GCC_WARN_ABOUT_RETURN_TYPE = YES_ERROR;
				GCC_WARN_UNDECLARED_SELECTOR = YES;
				GCC_WARN_UNINITIALIZED_AUTOS = YES_AGGRESSIVE;
				GCC_WARN_UNUSED_FUNCTION = YES;
				GCC_WARN_UNUSED_VARIABLE = YES;
				LOCALIZATION_PREFERS_STRING_CATALOGS = YES;
				MTL_ENABLE_DEBUG_INFO = NO;
				MTL_FAST_MATH = YES;
				SWIFT_COMPILATION_MODE = wholemodule;
			};
			name = Release;
		};
		EE655A772DD530B4006FBD0F /* Debug */ = {
			isa = XCBuildConfiguration;
			buildSettings = {
				ASSETCATALOG_COMPILER_APPICON_NAME = AppIcon;
				ASSETCATALOG_COMPILER_GLOBAL_ACCENT_COLOR_NAME = AccentColor;
				CODE_SIGN_ENTITLEMENTS = "heartio Watch App/heartio Watch App.entitlements";
				CODE_SIGN_STYLE = Automatic;
				CURRENT_PROJECT_VERSION = 1;
				DEVELOPMENT_ASSET_PATHS = "\"heartio Watch App/Preview Content\"";
				
				ENABLE_PREVIEWS = YES;
				GENERATE_INFOPLIST_FILE = YES;
				INFOPLIST_FILE = "heartio-Watch-App-Info.plist";
				INFOPLIST_KEY_CFBundleDisplayName = Heartio;
				INFOPLIST_KEY_NSHealthShareUsageDescription = "我们需要读取您的心率数据";
				INFOPLIST_KEY_NSHealthUpdateUsageDescription = "我们需要读取您的心率数据";
				INFOPLIST_KEY_UISupportedInterfaceOrientations = "UIInterfaceOrientationPortrait UIInterfaceOrientationPortraitUpsideDown";
				INFOPLIST_KEY_WKWatchOnly = YES;
				LD_RUNPATH_SEARCH_PATHS = (
					"$(inherited)",
					"@executable_path/Frameworks",
				);
				MARKETING_VERSION = 1.0;
				PRODUCT_BUNDLE_IDENTIFIER = org.kanamio.aw.heartio;
				PRODUCT_NAME = "$(TARGET_NAME)";
				SDKROOT = watchos;
				SKIP_INSTALL = YES;
				SWIFT_EMIT_LOC_STRINGS = YES;
				SWIFT_VERSION = 5.0;
				TARGETED_DEVICE_FAMILY = 4;
				WATCHOS_DEPLOYMENT_TARGET = 10.5;
			};
			name = Debug;
		};
		EE655A782DD530B4006FBD0F /* Release */ = {
			isa = XCBuildConfiguration;
			buildSettings = {
				ASSETCATALOG_COMPILER_APPICON_NAME = AppIcon;
				ASSETCATALOG_COMPILER_GLOBAL_ACCENT_COLOR_NAME = AccentColor;
				CODE_SIGN_ENTITLEMENTS = "heartio Watch App/heartio Watch App.entitlements";
				CODE_SIGN_STYLE = Automatic;
				CURRENT_PROJECT_VERSION = 1;
				DEVELOPMENT_ASSET_PATHS = "\"heartio Watch App/Preview Content\"";
				
				ENABLE_PREVIEWS = YES;
				GENERATE_INFOPLIST_FILE = YES;
				INFOPLIST_FILE = "heartio-Watch-App-Info.plist";
				INFOPLIST_KEY_CFBundleDisplayName = Heartio;
				INFOPLIST_KEY_NSHealthShareUsageDescription = "我们需要读取您的心率数据";
				INFOPLIST_KEY_NSHealthUpdateUsageDescription = "我们需要读取您的心率数据";
				INFOPLIST_KEY_UISupportedInterfaceOrientations = "UIInterfaceOrientationPortrait UIInterfaceOrientationPortraitUpsideDown";
				INFOPLIST_KEY_WKWatchOnly = YES;
				LD_RUNPATH_SEARCH_PATHS = (
					"$(inherited)",
					"@executable_path/Frameworks",
				);
				MARKETING_VERSION = 1.0;
				PRODUCT_BUNDLE_IDENTIFIER = org.kanamio.aw.heartio;
				PRODUCT_NAME = "$(TARGET_NAME)";
				SDKROOT = watchos;
				SKIP_INSTALL = YES;
				SWIFT_EMIT_LOC_STRINGS = YES;
				SWIFT_VERSION = 5.0;
				TARGETED_DEVICE_FAMILY = 4;
				VALIDATE_PRODUCT = YES;
				WATCHOS_DEPLOYMENT_TARGET = 10.5;
			};
			name = Release;
		};
		EE655A7B2DD530B4006FBD0F /* Debug */ = {
			isa = XCBuildConfiguration;
			buildSettings = {
				ALWAYS_EMBED_SWIFT_STANDARD_LIBRARIES = YES;
				CODE_SIGN_STYLE = Automatic;
				CURRENT_PROJECT_VERSION = "2025.05.16-1";
				
				INFOPLIST_KEY_CFBundleDisplayName = heartio;
				MARKETING_VERSION = 1.1;
				PRODUCT_BUNDLE_IDENTIFIER = org.kanamio.aw.heartio.heartio;
				PRODUCT_NAME = "$(TARGET_NAME)";
				SDKROOT = iphoneos;
				SWIFT_VERSION = 5.0;
			};
			name = Debug;
		};
		EE655A7C2DD530B4006FBD0F /* Release */ = {
			isa = XCBuildConfiguration;
			buildSettings = {
				ALWAYS_EMBED_SWIFT_STANDARD_LIBRARIES = YES;
				CODE_SIGN_STYLE = Automatic;
				CURRENT_PROJECT_VERSION = "2025.05.16-1";
				
				INFOPLIST_KEY_CFBundleDisplayName = heartio;
				MARKETING_VERSION = 1.1;
				PRODUCT_BUNDLE_IDENTIFIER = org.kanamio.aw.heartio.heartio;
				PRODUCT_NAME = "$(TARGET_NAME)";
				SDKROOT = iphoneos;
				SWIFT_VERSION = 5.0;
				VALIDATE_PRODUCT = YES;
			};
			name = Release;
		};
/* End XCBuildConfiguration section */

/* Begin XCConfigurationList section */
		EE655A5D2DD530B2006FBD0F /* Build configuration list for PBXProject "heartio" */ = {
			isa = XCConfigurationList;
			buildConfigurations = (
				EE655A742DD530B4006FBD0F /* Debug */,
				EE655A752DD530B4006FBD0F /* Release */,
			);
			defaultConfigurationIsVisible = 0;
			defaultConfigurationName = Release;
		};
		EE655A762DD530B4006FBD0F /* Build configuration list for PBXNativeTarget "heartio Watch App" */ = {
			isa = XCConfigurationList;
			buildConfigurations = (
				EE655A772DD530B4006FBD0F /* Debug */,
				EE655A782DD530B4006FBD0F /* Release */,
			);
			defaultConfigurationIsVisible = 0;
			defaultConfigurationName = Release;
		};
		EE655A7A2DD530B4006FBD0F /* Build configuration list for PBXNativeTarget "heartio" */ = {
			isa = XCConfigurationList;
			buildConfigurations = (
				EE655A7B2DD530B4006FBD0F /* Debug */,
				EE655A7C2DD530B4006FBD0F /* Release */,
			);
			defaultConfigurationIsVisible = 0;
			defaultConfigurationName = Release;
		};
/* End XCConfigurationList section */
	};
	rootObject = EE655A5A2DD530B2006FBD0F /* Project object */;
}
